Microsoft Visual Studio Solution File, Format Version 9.00
# Visual Studio 2005
Project("{FAE04EC0-301F-11D3-BF4B-00C04F79EFBC}") = "DXSample", "TreeListCheckBoxes\DXSample.csproj", "{AAD6DDA8-FB7A-41C5-8D37-297CCD8E8013}"
	ProjectSection(WebsiteProperties) = preProject
		Debug.AspNetCompiler.Debug = "True"
		Release.AspNetCompiler.Debug = "False"
	EndProjectSection
EndProject
Global
	GlobalSection(SolutionConfigurationPlatforms) = preSolution
		Debug|Any CPU = Debug|Any CPU
		Release|Any CPU = Release|Any CPU
	EndGlobalSection
	GlobalSection(ProjectConfigurationPlatforms) = postSolution
		{AAD6DDA8-FB7A-41C5-8D37-297CCD8E8013}.Debug|Any CPU.ActiveCfg = Debug|Any CPU
		{AAD6DDA8-FB7A-41C5-8D37-297CCD8E8013}.Debug|Any CPU.Build.0 = Debug|Any CPU
		{AAD6DDA8-FB7A-41C5-8D37-297CCD8E8013}.Release|Any CPU.ActiveCfg = Release|Any CPU
		{AAD6DDA8-FB7A-41C5-8D37-297CCD8E8013}.Release|Any CPU.Build.0 = Release|Any CPU
	EndGlobalSection
	GlobalSection(SolutionProperties) = preSolution
		HideSolutionNode = FALSE
	EndGlobalSection
EndGlobal
